
Microsoft Visual Studio Solution File, Format Version 12.00
# Visual Studio Version 17
VisualStudioVersion = 17.7.34024.191
MinimumVisualStudioVersion = 10.0.40219.1
Project("{FAE04EC0-301F-11D3-BF4B-00C04F79EFBC}") = "hangman", "hangman\hangman.csproj", "{EECD86A9-9CBF-44D3-9654-7C1588C3E114}"
EndProject
Global
	GlobalSection(SolutionConfigurationPlatforms) = preSolution
		Debug|Any CPU = Debug|Any CPU
		Release|Any CPU = Release|Any CPU
	EndGlobalSection
	GlobalSection(ProjectConfigurationPlatforms) = postSolution
		{EECD86A9-9CBF-44D3-9654-7C1588C3E114}.Debug|Any CPU.ActiveCfg = Debug|Any CPU
		{EECD86A9-9CBF-44D3-9654-7C1588C3E114}.Debug|Any CPU.Build.0 = Debug|Any CPU
		{EECD86A9-9CBF-44D3-9654-7C1588C3E114}.Release|Any CPU.ActiveCfg = Release|Any CPU
		{EECD86A9-9CBF-44D3-9654-7C1588C3E114}.Release|Any CPU.Build.0 = Release|Any CPU
	EndGlobalSection
	GlobalSection(SolutionProperties) = preSolution
		HideSolutionNode = FALSE
	EndGlobalSection
	GlobalSection(ExtensibilityGlobals) = postSolution
		SolutionGuid = {D2E6BEDC-B57D-44A9-B9EB-6754043C164F}
	EndGlobalSection
EndGlobal
